
Microsoft Visual Studio Solution File, Format Version 12.00
# Visual Studio Version 17
VisualStudioVersion = 17.14.36310.24
MinimumVisualStudioVersion = 10.0.40219.1
Project("{FAE04EC0-301F-11D3-BF4B-00C04F79EFBC}") = "Aranda.Productos.Api", "Aranda.Productos.Api\Aranda.Productos.Api.csproj", "{CBC65038-5184-44F5-91DF-8509CF9ACFC3}"
EndProject
Project("{FAE04EC0-301F-11D3-BF4B-00C04F79EFBC}") = "Aranda.Productos.Api.Tests", "Aranda.Productos.Api.Tests\Aranda.Productos.Api.Tests.csproj", "{E2CBC703-486E-4186-BE31-45745ED08F83}"
EndProject
Project("{2150E333-8FDC-42A3-9474-1A3956D46DE8}") = "test", "test", "{02EA681E-C7D8-13C7-8484-4AC65E1B71E8}"
EndProject
Project("{FAE04EC0-301F-11D3-BF4B-00C04F79EFBC}") = "Aranda.Productos.Domain", "Aranda.Productos.Domain\Aranda.Productos.Domain.csproj", "{9F6CC2C0-C953-4EE1-8CA8-E50CB40B6C20}"
EndProject
Project("{FAE04EC0-301F-11D3-BF4B-00C04F79EFBC}") = "Aranda.Productos.Infrastructure", "Aranda.Productos.Infrastructure\Aranda.Productos.Infrastructure.csproj", "{B14373CA-08F1-47B1-9484-3934C654EF91}"
EndProject
Project("{FAE04EC0-301F-11D3-BF4B-00C04F79EFBC}") = "Aranda.Productos.Application", "Aranda.Productos.Application\Aranda.Productos.Application.csproj", "{4CDA362C-2497-4C52-AE8C-3BDC79C319EB}"
EndProject
Global
	GlobalSection(SolutionConfigurationPlatforms) = preSolution
		Debug|Any CPU = Debug|Any CPU
		Release|Any CPU = Release|Any CPU
	EndGlobalSection
	GlobalSection(ProjectConfigurationPlatforms) = postSolution
		{CBC65038-5184-44F5-91DF-8509CF9ACFC3}.Debug|Any CPU.ActiveCfg = Debug|Any CPU
		{CBC65038-5184-44F5-91DF-8509CF9ACFC3}.Debug|Any CPU.Build.0 = Debug|Any CPU
		{CBC65038-5184-44F5-91DF-8509CF9ACFC3}.Release|Any CPU.ActiveCfg = Release|Any CPU
		{CBC65038-5184-44F5-91DF-8509CF9ACFC3}.Release|Any CPU.Build.0 = Release|Any CPU
		{E2CBC703-486E-4186-BE31-45745ED08F83}.Debug|Any CPU.ActiveCfg = Debug|Any CPU
		{E2CBC703-486E-4186-BE31-45745ED08F83}.Debug|Any CPU.Build.0 = Debug|Any CPU
		{E2CBC703-486E-4186-BE31-45745ED08F83}.Release|Any CPU.ActiveCfg = Release|Any CPU
		{E2CBC703-486E-4186-BE31-45745ED08F83}.Release|Any CPU.Build.0 = Release|Any CPU
		{9F6CC2C0-C953-4EE1-8CA8-E50CB40B6C20}.Debug|Any CPU.ActiveCfg = Debug|Any CPU
		{9F6CC2C0-C953-4EE1-8CA8-E50CB40B6C20}.Debug|Any CPU.Build.0 = Debug|Any CPU
		{9F6CC2C0-C953-4EE1-8CA8-E50CB40B6C20}.Release|Any CPU.ActiveCfg = Release|Any CPU
		{9F6CC2C0-C953-4EE1-8CA8-E50CB40B6C20}.Release|Any CPU.Build.0 = Release|Any CPU
		{B14373CA-08F1-47B1-9484-3934C654EF91}.Debug|Any CPU.ActiveCfg = Debug|Any CPU
		{B14373CA-08F1-47B1-9484-3934C654EF91}.Debug|Any CPU.Build.0 = Debug|Any CPU
		{B14373CA-08F1-47B1-9484-3934C654EF91}.Release|Any CPU.ActiveCfg = Release|Any CPU
		{B14373CA-08F1-47B1-9484-3934C654EF91}.Release|Any CPU.Build.0 = Release|Any CPU
		{4CDA362C-2497-4C52-AE8C-3BDC79C319EB}.Debug|Any CPU.ActiveCfg = Debug|Any CPU
		{4CDA362C-2497-4C52-AE8C-3BDC79C319EB}.Debug|Any CPU.Build.0 = Debug|Any CPU
		{4CDA362C-2497-4C52-AE8C-3BDC79C319EB}.Release|Any CPU.ActiveCfg = Release|Any CPU
		{4CDA362C-2497-4C52-AE8C-3BDC79C319EB}.Release|Any CPU.Build.0 = Release|Any CPU
	EndGlobalSection
	GlobalSection(SolutionProperties) = preSolution
		HideSolutionNode = FALSE
	EndGlobalSection
	GlobalSection(NestedProjects) = preSolution
		{E2CBC703-486E-4186-BE31-45745ED08F83} = {02EA681E-C7D8-13C7-8484-4AC65E1B71E8}
	EndGlobalSection
	GlobalSection(ExtensibilityGlobals) = postSolution
		SolutionGuid = {B75733D4-38B5-47A4-9A95-97A2DEF415C9}
	EndGlobalSection
EndGlobal
